
Microsoft Visual Studio Solution File, Format Version 12.00
# Visual Studio Version 17
VisualStudioVersion = 17.9.34622.214
MinimumVisualStudioVersion = 10.0.40219.1
Project("{9A19103F-16F7-4668-BE54-9A1E7A4F7556}") = "secgulTurkerOdev2", "FinalOdevHazirlikMaui\secgulTurkerOdev2.csproj", "{C59D6772-11C4-4639-85CE-675263593DCD}"
EndProject
Global
	GlobalSection(SolutionConfigurationPlatforms) = preSolution
		Debug|Any CPU = Debug|Any CPU
		Release|Any CPU = Release|Any CPU
	EndGlobalSection
	GlobalSection(ProjectConfigurationPlatforms) = postSolution
		{C59D6772-11C4-4639-85CE-675263593DCD}.Debug|Any CPU.ActiveCfg = Debug|Any CPU
		{C59D6772-11C4-4639-85CE-675263593DCD}.Debug|Any CPU.Build.0 = Debug|Any CPU
		{C59D6772-11C4-4639-85CE-675263593DCD}.Debug|Any CPU.Deploy.0 = Debug|Any CPU
		{C59D6772-11C4-4639-85CE-675263593DCD}.Release|Any CPU.ActiveCfg = Release|Any CPU
		{C59D6772-11C4-4639-85CE-675263593DCD}.Release|Any CPU.Build.0 = Release|Any CPU
		{C59D6772-11C4-4639-85CE-675263593DCD}.Release|Any CPU.Deploy.0 = Release|Any CPU
	EndGlobalSection
	GlobalSection(SolutionProperties) = preSolution
		HideSolutionNode = FALSE
	EndGlobalSection
	GlobalSection(ExtensibilityGlobals) = postSolution
		SolutionGuid = {F7E07520-3753-4EA5-88D8-FD85FFD6AE95}
	EndGlobalSection
EndGlobal
